// !$*UTF8*$!
{
	archiveVersion = 1;
	classes = {
	};
	objectVersion = 50;
	objects = {

/* Begin PBXBuildFile section */
		E10C69FF22164E3400076A25 /* ConvertidorGradosViewController.swift in Sources */ = {isa = PBXBuildFile; fileRef = E10C69FE22164E3400076A25 /* ConvertidorGradosViewController.swift */; };
		E17BA31A220D159C0044B5A3 /* AppDelegate.swift in Sources */ = {isa = PBXBuildFile; fileRef = E17BA319220D159C0044B5A3 /* AppDelegate.swift */; };
		E17BA31C220D159C0044B5A3 /* ViewController.swift in Sources */ = {isa = PBXBuildFile; fileRef = E17BA31B220D159C0044B5A3 /* ViewController.swift */; };
		E17BA31F220D159C0044B5A3 /* Main.storyboard in Resources */ = {isa = PBXBuildFile; fileRef = E17BA31D220D159C0044B5A3 /* Main.storyboard */; };
		E17BA321220D159D0044B5A3 /* Assets.xcassets in Resources */ = {isa = PBXBuildFile; fileRef = E17BA320220D159D0044B5A3 /* Assets.xcassets */; };
		E17BA324220D159D0044B5A3 /* LaunchScreen.storyboard in Resources */ = {isa = PBXBuildFile; fileRef = E17BA322220D159D0044B5A3 /* LaunchScreen.storyboard */; };
		E17BA32F220D159D0044B5A3 /* iOS2019Tests.swift in Sources */ = {isa = PBXBuildFile; fileRef = E17BA32E220D159D0044B5A3 /* iOS2019Tests.swift */; };
		E17BA33A220D159D0044B5A3 /* iOS2019UITests.swift in Sources */ = {isa = PBXBuildFile; fileRef = E17BA339220D159D0044B5A3 /* iOS2019UITests.swift */; };
		E17BA348220D1C330044B5A3 /* Practica1ViewController.swift in Sources */ = {isa = PBXBuildFile; fileRef = E17BA347220D1C330044B5A3 /* Practica1ViewController.swift */; };
/* End PBXBuildFile section */

/* Begin PBXContainerItemProxy section */
		E17BA32B220D159D0044B5A3 /* PBXContainerItemProxy */ = {
			isa = PBXContainerItemProxy;
			containerPortal = E17BA30E220D159C0044B5A3 /* Project object */;
			proxyType = 1;
			remoteGlobalIDString = E17BA315220D159C0044B5A3;
			remoteInfo = iOS2019;
		};
		E17BA336220D159D0044B5A3 /* PBXContainerItemProxy */ = {
			isa = PBXContainerItemProxy;
			containerPortal = E17BA30E220D159C0044B5A3 /* Project object */;
			proxyType = 1;
			remoteGlobalIDString = E17BA315220D159C0044B5A3;
			remoteInfo = iOS2019;
		};
/* End PBXContainerItemProxy section */

/* Begin PBXFileReference section */
		E10C69FE22164E3400076A25 /* ConvertidorGradosViewController.swift */ = {isa = PBXFileReference; lastKnownFileType = sourcecode.swift; path = ConvertidorGradosViewController.swift; sourceTree = "<group>"; };
		E11727682214FAC200327D35 /* MyPlayground.playground */ = {isa = PBXFileReference; lastKnownFileType = file.playground; path = MyPlayground.playground; sourceTree = "<group>"; xcLanguageSpecificationIdentifier = xcode.lang.swift; };
		E17BA316220D159C0044B5A3 /* iOS2019.app */ = {isa = PBXFileReference; explicitFileType = wrapper.application; includeInIndex = 0; path = iOS2019.app; sourceTree = BUILT_PRODUCTS_DIR; };
		E17BA319220D159C0044B5A3 /* AppDelegate.swift */ = {isa = PBXFileReference; lastKnownFileType = sourcecode.swift; path = AppDelegate.swift; sourceTree = "<group>"; };
		E17BA31B220D159C0044B5A3 /* ViewController.swift */ = {isa = PBXFileReference; lastKnownFileType = sourcecode.swift; path = ViewController.swift; sourceTree = "<group>"; };
		E17BA31E220D159C0044B5A3 /* Base */ = {isa = PBXFileReference; lastKnownFileType = file.storyboard; name = Base; path = Base.lproj/Main.storyboard; sourceTree = "<group>"; };
		E17BA320220D159D0044B5A3 /* Assets.xcassets */ = {isa = PBXFileReference; lastKnownFileType = folder.assetcatalog; path = Assets.xcassets; sourceTree = "<group>"; };
		E17BA323220D159D0044B5A3 /* Base */ = {isa = PBXFileReference; lastKnownFileType = file.storyboard; name = Base; path = Base.lproj/LaunchScreen.storyboard; sourceTree = "<group>"; };
		E17BA325220D159D0044B5A3 /* Info.plist */ = {isa = PBXFileReference; lastKnownFileType = text.plist.xml; path = Info.plist; sourceTree = "<group>"; };
		E17BA32A220D159D0044B5A3 /* iOS2019Tests.xctest */ = {isa = PBXFileReference; explicitFileType = wrapper.cfbundle; includeInIndex = 0; path = iOS2019Tests.xctest; sourceTree = BUILT_PRODUCTS_DIR; };
		E17BA32E220D159D0044B5A3 /* iOS2019Tests.swift */ = {isa = PBXFileReference; lastKnownFileType = sourcecode.swift; path = iOS2019Tests.swift; sourceTree = "<group>"; };
		E17BA330220D159D0044B5A3 /* Info.plist */ = {isa = PBXFileReference; lastKnownFileType = text.plist.xml; path = Info.plist; sourceTree = "<group>"; };
		E17BA335220D159D0044B5A3 /* iOS2019UITests.xctest */ = {isa = PBXFileReference; explicitFileType = wrapper.cfbundle; includeInIndex = 0; path = iOS2019UITests.xctest; sourceTree = BUILT_PRODUCTS_DIR; };
		E17BA339220D159D0044B5A3 /* iOS2019UITests.swift */ = {isa = PBXFileReference; lastKnownFileType = sourcecode.swift; path = iOS2019UITests.swift; sourceTree = "<group>"; };
		E17BA33B220D159D0044B5A3 /* Info.plist */ = {isa = PBXFileReference; lastKnownFileType = text.plist.xml; path = Info.plist; sourceTree = "<group>"; };
		E17BA347220D1C330044B5A3 /* Practica1ViewController.swift */ = {isa = PBXFileReference; lastKnownFileType = sourcecode.swift; path = Practica1ViewController.swift; sourceTree = "<group>"; };
/* End PBXFileReference section */

/* Begin PBXFrameworksBuildPhase section */
		E17BA313220D159C0044B5A3 /* Frameworks */ = {
			isa = PBXFrameworksBuildPhase;
			buildActionMask = 2147483647;
			files = (
			);
			runOnlyForDeploymentPostprocessing = 0;
		};
		E17BA327220D159D0044B5A3 /* Frameworks */ = {
			isa = PBXFrameworksBuildPhase;
			buildActionMask = 2147483647;
			files = (
			);
			runOnlyForDeploymentPostprocessing = 0;
		};
		E17BA332220D159D0044B5A3 /* Frameworks */ = {
			isa = PBXFrameworksBuildPhase;
			buildActionMask = 2147483647;
			files = (
			);
			runOnlyForDeploymentPostprocessing = 0;
		};
/* End PBXFrameworksBuildPhase section */

/* Begin PBXGroup section */
		E17BA30D220D159C0044B5A3 = {
			isa = PBXGroup;
			children = (
				E11727682214FAC200327D35 /* MyPlayground.playground */,
				E17BA318220D159C0044B5A3 /* iOS2019 */,
				E17BA32D220D159D0044B5A3 /* iOS2019Tests */,
				E17BA338220D159D0044B5A3 /* iOS2019UITests */,
				E17BA317220D159C0044B5A3 /* Products */,
			);
			sourceTree = "<group>";
		};
		E17BA317220D159C0044B5A3 /* Products */ = {
			isa = PBXGroup;
			children = (
				E17BA316220D159C0044B5A3 /* iOS2019.app */,
				E17BA32A220D159D0044B5A3 /* iOS2019Tests.xctest */,
				E17BA335220D159D0044B5A3 /* iOS2019UITests.xctest */,
			);
			name = Products;
			sourceTree = "<group>";
		};
		E17BA318220D159C0044B5A3 /* iOS2019 */ = {
			isa = PBXGroup;
			children = (
				E17BA319220D159C0044B5A3 /* AppDelegate.swift */,
				E17BA31B220D159C0044B5A3 /* ViewController.swift */,
				E17BA31D220D159C0044B5A3 /* Main.storyboard */,
				E17BA320220D159D0044B5A3 /* Assets.xcassets */,
				E17BA322220D159D0044B5A3 /* LaunchScreen.storyboard */,
				E17BA325220D159D0044B5A3 /* Info.plist */,
				E17BA347220D1C330044B5A3 /* Practica1ViewController.swift */,
				E10C69FE22164E3400076A25 /* ConvertidorGradosViewController.swift */,
			);
			path = iOS2019;
			sourceTree = "<group>";
		};
		E17BA32D220D159D0044B5A3 /* iOS2019Tests */ = {
			isa = PBXGroup;
			children = (
				E17BA32E220D159D0044B5A3 /* iOS2019Tests.swift */,
				E17BA330220D159D0044B5A3 /* Info.plist */,
			);
			path = iOS2019Tests;
			sourceTree = "<group>";
		};
		E17BA338220D159D0044B5A3 /* iOS2019UITests */ = {
			isa = PBXGroup;
			children = (
				E17BA339220D159D0044B5A3 /* iOS2019UITests.swift */,
				E17BA33B220D159D0044B5A3 /* Info.plist */,
			);
			path = iOS2019UITests;
			sourceTree = "<group>";
		};
/* End PBXGroup section */

/* Begin PBXNativeTarget section */
		E17BA315220D159C0044B5A3 /* iOS2019 */ = {
			isa = PBXNativeTarget;
			buildConfigurationList = E17BA33E220D159D0044B5A3 /* Build configuration list for PBXNativeTarget "iOS2019" */;
			buildPhases = (
				E17BA312220D159C0044B5A3 /* Sources */,
				E17BA313220D159C0044B5A3 /* Frameworks */,
				E17BA314220D159C0044B5A3 /* Resources */,
			);
			buildRules = (
			);
			dependencies = (
			);
			name = iOS2019;
			productName = iOS2019;
			productReference = E17BA316220D159C0044B5A3 /* iOS2019.app */;
			productType = "com.apple.product-type.application";
		};
		E17BA329220D159D0044B5A3 /* iOS2019Tests */ = {
			isa = PBXNativeTarget;
			buildConfigurationList = E17BA341220D159D0044B5A3 /* Build configuration list for PBXNativeTarget "iOS2019Tests" */;
			buildPhases = (
				E17BA326220D159D0044B5A3 /* Sources */,
				E17BA327220D159D0044B5A3 /* Frameworks */,
				E17BA328220D159D0044B5A3 /* Resources */,
			);
			buildRules = (
			);
			dependencies = (
				E17BA32C220D159D0044B5A3 /* PBXTargetDependency */,
			);
			name = iOS2019Tests;
			productName = iOS2019Tests;
			productReference = E17BA32A220D159D0044B5A3 /* iOS2019Tests.xctest */;
			productType = "com.apple.product-type.bundle.unit-test";
		};
		E17BA334220D159D0044B5A3 /* iOS2019UITests */ = {
			isa = PBXNativeTarget;
			buildConfigurationList = E17BA344220D159D0044B5A3 /* Build configuration list for PBXNativeTarget "iOS2019UITests" */;
			buildPhases = (
				E17BA331220D159D0044B5A3 /* Sources */,
				E17BA332220D159D0044B5A3 /* Frameworks */,
				E17BA333220D159D0044B5A3 /* Resources */,
			);
			buildRules = (
			);
			dependencies = (
				E17BA337220D159D0044B5A3 /* PBXTargetDependency */,
			);
			name = iOS2019UITests;
			productName = iOS2019UITests;
			productReference = E17BA335220D159D0044B5A3 /* iOS2019UITests.xctest */;
			productType = "com.apple.product-type.bundle.ui-testing";
		};
/* End PBXNativeTarget section */

/* Begin PBXProject section */
		E17BA30E220D159C0044B5A3 /* Project object */ = {
			isa = PBXProject;
			attributes = {
				LastSwiftUpdateCheck = 1010;
				LastUpgradeCheck = 1010;
				ORGANIZATIONNAME = "Robert JF";
				TargetAttributes = {
					E17BA315220D159C0044B5A3 = {
						CreatedOnToolsVersion = 10.1;
					};
					E17BA329220D159D0044B5A3 = {
						CreatedOnToolsVersion = 10.1;
						TestTargetID = E17BA315220D159C0044B5A3;
					};
					E17BA334220D159D0044B5A3 = {
						CreatedOnToolsVersion = 10.1;
						TestTargetID = E17BA315220D159C0044B5A3;
					};
				};
			};
			buildConfigurationList = E17BA311220D159C0044B5A3 /* Build configuration list for PBXProject "iOS2019" */;
			compatibilityVersion = "Xcode 9.3";
			developmentRegion = en;
			hasScannedForEncodings = 0;
			knownRegions = (
				en,
				Base,
			);
			mainGroup = E17BA30D220D159C0044B5A3;
			productRefGroup = E17BA317220D159C0044B5A3 /* Products */;
			projectDirPath = "";
			projectRoot = "";
			targets = (
				E17BA315220D159C0044B5A3 /* iOS2019 */,
				E17BA329220D159D0044B5A3 /* iOS2019Tests */,
				E17BA334220D159D0044B5A3 /* iOS2019UITests */,
			);
		};
/* End PBXProject section */

/* Begin PBXResourcesBuildPhase section */
		E17BA314220D159C0044B5A3 /* Resources */ = {
			isa = PBXResourcesBuildPhase;
			buildActionMask = 2147483647;
			files = (
				E17BA324220D159D0044B5A3 /* LaunchScreen.storyboard in Resources */,
				E17BA321220D159D0044B5A3 /* Assets.xcassets in Resources */,
				E17BA31F220D159C0044B5A3 /* Main.storyboard in Resources */,
			);
			runOnlyForDeploymentPostprocessing = 0;
		};
		E17BA328220D159D0044B5A3 /* Resources */ = {
			isa = PBXResourcesBuildPhase;
			buildActionMask = 2147483647;
			files = (
			);
			runOnlyForDeploymentPostprocessing = 0;
		};
		E17BA333220D159D0044B5A3 /* Resources */ = {
			isa = PBXResourcesBuildPhase;
			buildActionMask = 2147483647;
			files = (
			);
			runOnlyForDeploymentPostprocessing = 0;
		};
/* End PBXResourcesBuildPhase section */

/* Begin PBXSourcesBuildPhase section */
		E17BA312220D159C0044B5A3 /* Sources */ = {
			isa = PBXSourcesBuildPhase;
			buildActionMask = 2147483647;
			files = (
				E17BA31C220D159C0044B5A3 /* ViewController.swift in Sources */,
				E17BA348220D1C330044B5A3 /* Practica1ViewController.swift in Sources */,
				E10C69FF22164E3400076A25 /* ConvertidorGradosViewController.swift in Sources */,
				E17BA31A220D159C0044B5A3 /* AppDelegate.swift in Sources */,
			);
			runOnlyForDeploymentPostprocessing = 0;
		};
		E17BA326220D159D0044B5A3 /* Sources */ = {
			isa = PBXSourcesBuildPhase;
			buildActionMask = 2147483647;
			files = (
				E17BA32F220D159D0044B5A3 /* iOS2019Tests.swift in Sources */,
			);
			runOnlyForDeploymentPostprocessing = 0;
		};
		E17BA331220D159D0044B5A3 /* Sources */ = {
			isa = PBXSourcesBuildPhase;
			buildActionMask = 2147483647;
			files = (
				E17BA33A220D159D0044B5A3 /* iOS2019UITests.swift in Sources */,
			);
			runOnlyForDeploymentPostprocessing = 0;
		};
/* End PBXSourcesBuildPhase section */

/* Begin PBXTargetDependency section */
		E17BA32C220D159D0044B5A3 /* PBXTargetDependency */ = {
			isa = PBXTargetDependency;
			target = E17BA315220D159C0044B5A3 /* iOS2019 */;
			targetProxy = E17BA32B220D159D0044B5A3 /* PBXContainerItemProxy */;
		};
		E17BA337220D159D0044B5A3 /* PBXTargetDependency */ = {
			isa = PBXTargetDependency;
			target = E17BA315220D159C0044B5A3 /* iOS2019 */;
			targetProxy = E17BA336220D159D0044B5A3 /* PBXContainerItemProxy */;
		};
/* End PBXTargetDependency section */

/* Begin PBXVariantGroup section */
		E17BA31D220D159C0044B5A3 /* Main.storyboard */ = {
			isa = PBXVariantGroup;
			children = (
				E17BA31E220D159C0044B5A3 /* Base */,
			);
			name = Main.storyboard;
			sourceTree = "<group>";
		};
		E17BA322220D159D0044B5A3 /* LaunchScreen.storyboard */ = {
			isa = PBXVariantGroup;
			children = (
				E17BA323220D159D0044B5A3 /* Base */,
			);
			name = LaunchScreen.storyboard;
			sourceTree = "<group>";
		};
/* End PBXVariantGroup section */

/* Begin XCBuildConfiguration section */
		E17BA33C220D159D0044B5A3 /* Debug */ = {
			isa = XCBuildConfiguration;
			buildSettings = {
				ALWAYS_SEARCH_USER_PATHS = NO;
				CLANG_ANALYZER_NONNULL = YES;
				CLANG_ANALYZER_NUMBER_OBJECT_CONVERSION = YES_AGGRESSIVE;
				CLANG_CXX_LANGUAGE_STANDARD = "gnu++14";
				CLANG_CXX_LIBRARY = "libc++";
				CLANG_ENABLE_MODULES = YES;
				CLANG_ENABLE_OBJC_ARC = YES;
				CLANG_ENABLE_OBJC_WEAK = YES;
				CLANG_WARN_BLOCK_CAPTURE_AUTORELEASING = YES;
				CLANG_WARN_BOOL_CONVERSION = YES;
				CLANG_WARN_COMMA = YES;
				CLANG_WARN_CONSTANT_CONVERSION = YES;
				CLANG_WARN_DEPRECATED_OBJC_IMPLEMENTATIONS = YES;
				CLANG_WARN_DIRECT_OBJC_ISA_USAGE = YES_ERROR;
				CLANG_WARN_DOCUMENTATION_COMMENTS = YES;
				CLANG_WARN_EMPTY_BODY = YES;
				CLANG_WARN_ENUM_CONVERSION = YES;
				CLANG_WARN_INFINITE_RECURSION = YES;
				CLANG_WARN_INT_CONVERSION = YES;
				CLANG_WARN_NON_LITERAL_NULL_CONVERSION = YES;
				CLANG_WARN_OBJC_IMPLICIT_RETAIN_SELF = YES;
				CLANG_WARN_OBJC_LITERAL_CONVERSION = YES;
				CLANG_WARN_OBJC_ROOT_CLASS = YES_ERROR;
				CLANG_WARN_RANGE_LOOP_ANALYSIS = YES;
				CLANG_WARN_STRICT_PROTOTYPES = YES;
				CLANG_WARN_SUSPICIOUS_MOVE = YES;
				CLANG_WARN_UNGUARDED_AVAILABILITY = YES_AGGRESSIVE;
				CLANG_WARN_UNREACHABLE_CODE = YES;
				CLANG_WARN__DUPLICATE_METHOD_MATCH = YES;
				CODE_SIGN_IDENTITY = "iPhone Developer";
				COPY_PHASE_STRIP = NO;
				DEBUG_INFORMATION_FORMAT = dwarf;
				ENABLE_STRICT_OBJC_MSGSEND = YES;
				ENABLE_TESTABILITY = YES;
				GCC_C_LANGUAGE_STANDARD = gnu11;
				GCC_DYNAMIC_NO_PIC = NO;
				GCC_NO_COMMON_BLOCKS = YES;
				GCC_OPTIMIZATION_LEVEL = 0;
				GCC_PREPROCESSOR_DEFINITIONS = (
					"DEBUG=1",
					"$(inherited)",
				);
				GCC_WARN_64_TO_32_BIT_CONVERSION = YES;
				GCC_WARN_ABOUT_RETURN_TYPE = YES_ERROR;
				GCC_WARN_UNDECLARED_SELECTOR = YES;
				GCC_WARN_UNINITIALIZED_AUTOS = YES_AGGRESSIVE;
				GCC_WARN_UNUSED_FUNCTION = YES;
				GCC_WARN_UNUSED_VARIABLE = YES;
				IPHONEOS_DEPLOYMENT_TARGET = 12.1;
				MTL_ENABLE_DEBUG_INFO = INCLUDE_SOURCE;
				MTL_FAST_MATH = YES;
				ONLY_ACTIVE_ARCH = YES;
				SDKROOT = iphoneos;
				SWIFT_ACTIVE_COMPILATION_CONDITIONS = DEBUG;
				SWIFT_OPTIMIZATION_LEVEL = "-Onone";
			};
			name = Debug;
		};
		E17BA33D220D159D0044B5A3 /* Release */ = {
			isa = XCBuildConfiguration;
			buildSettings = {
				ALWAYS_SEARCH_USER_PATHS = NO;
				CLANG_ANALYZER_NONNULL = YES;
				CLANG_ANALYZER_NUMBER_OBJECT_CONVERSION = YES_AGGRESSIVE;
				CLANG_CXX_LANGUAGE_STANDARD = "gnu++14";
				CLANG_CXX_LIBRARY = "libc++";
				CLANG_ENABLE_MODULES = YES;
				CLANG_ENABLE_OBJC_ARC = YES;
				CLANG_ENABLE_OBJC_WEAK = YES;
				CLANG_WARN_BLOCK_CAPTURE_AUTORELEASING = YES;
				CLANG_WARN_BOOL_CONVERSION = YES;
				CLANG_WARN_COMMA = YES;
				CLANG_WARN_CONSTANT_CONVERSION = YES;
				CLANG_WARN_DEPRECATED_OBJC_IMPLEMENTATIONS = YES;
				CLANG_WARN_DIRECT_OBJC_ISA_USAGE = YES_ERROR;
				CLANG_WARN_DOCUMENTATION_COMMENTS = YES;
				CLANG_WARN_EMPTY_BODY = YES;
				CLANG_WARN_ENUM_CONVERSION = YES;
				CLANG_WARN_INFINITE_RECURSION = YES;
				CLANG_WARN_INT_CONVERSION = YES;
				CLANG_WARN_NON_LITERAL_NULL_CONVERSION = YES;
				CLANG_WARN_OBJC_IMPLICIT_RETAIN_SELF = YES;
				CLANG_WARN_OBJC_LITERAL_CONVERSION = YES;
				CLANG_WARN_OBJC_ROOT_CLASS = YES_ERROR;
				CLANG_WARN_RANGE_LOOP_ANALYSIS = YES;
				CLANG_WARN_STRICT_PROTOTYPES = YES;
				CLANG_WARN_SUSPICIOUS_MOVE = YES;
				CLANG_WARN_UNGUARDED_AVAILABILITY = YES_AGGRESSIVE;
				CLANG_WARN_UNREACHABLE_CODE = YES;
				CLANG_WARN__DUPLICATE_METHOD_MATCH = YES;
				CODE_SIGN_IDENTITY = "iPhone Developer";
				COPY_PHASE_STRIP = NO;
				DEBUG_INFORMATION_FORMAT = "dwarf-with-dsym";
				ENABLE_NS_ASSERTIONS = NO;
				ENABLE_STRICT_OBJC_MSGSEND = YES;
				GCC_C_LANGUAGE_STANDARD = gnu11;
				GCC_NO_COMMON_BLOCKS = YES;
				GCC_WARN_64_TO_32_BIT_CONVERSION = YES;
				GCC_WARN_ABOUT_RETURN_TYPE = YES_ERROR;
				GCC_WARN_UNDECLARED_SELECTOR = YES;
				GCC_WARN_UNINITIALIZED_AUTOS = YES_AGGRESSIVE;
				GCC_WARN_UNUSED_FUNCTION = YES;
				GCC_WARN_UNUSED_VARIABLE = YES;
				IPHONEOS_DEPLOYMENT_TARGET = 12.1;
				MTL_ENABLE_DEBUG_INFO = NO;
				MTL_FAST_MATH = YES;
				SDKROOT = iphoneos;
				SWIFT_COMPILATION_MODE = wholemodule;
				SWIFT_OPTIMIZATION_LEVEL = "-O";
				VALIDATE_PRODUCT = YES;
			};
			name = Release;
		};
		E17BA33F220D159D0044B5A3 /* Debug */ = {
			isa = XCBuildConfiguration;
			buildSettings = {
				ASSETCATALOG_COMPILER_APPICON_NAME = AppIcon;
				CODE_SIGN_STYLE = Automatic;
				INFOPLIST_FILE = iOS2019/Info.plist;
				LD_RUNPATH_SEARCH_PATHS = (
					"$(inherited)",
					"@executable_path/Frameworks",
				);
				PRODUCT_BUNDLE_IDENTIFIER = Robert.iOS2019;
				PRODUCT_NAME = "$(TARGET_NAME)";
				SWIFT_VERSION = 4.2;
				TARGETED_DEVICE_FAMILY = "1,2";
			};
			name = Debug;
		};
		E17BA340220D159D0044B5A3 /* Release */ = {
			isa = XCBuildConfiguration;
			buildSettings = {
				ASSETCATALOG_COMPILER_APPICON_NAME = AppIcon;
				CODE_SIGN_STYLE = Automatic;
				INFOPLIST_FILE = iOS2019/Info.plist;
				LD_RUNPATH_SEARCH_PATHS = (
					"$(inherited)",
					"@executable_path/Frameworks",
				);
				PRODUCT_BUNDLE_IDENTIFIER = Robert.iOS2019;
				PRODUCT_NAME = "$(TARGET_NAME)";
				SWIFT_VERSION = 4.2;
				TARGETED_DEVICE_FAMILY = "1,2";
			};
			name = Release;
		};
		E17BA342220D159D0044B5A3 /* Debug */ = {
			isa = XCBuildConfiguration;
			buildSettings = {
				ALWAYS_EMBED_SWIFT_STANDARD_LIBRARIES = YES;
				BUNDLE_LOADER = "$(TEST_HOST)";
				CODE_SIGN_STYLE = Automatic;
				INFOPLIST_FILE = iOS2019Tests/Info.plist;
				LD_RUNPATH_SEARCH_PATHS = (
					"$(inherited)",
					"@executable_path/Frameworks",
					"@loader_path/Frameworks",
				);
				PRODUCT_BUNDLE_IDENTIFIER = Robert.iOS2019Tests;
				PRODUCT_NAME = "$(TARGET_NAME)";
				SWIFT_VERSION = 4.2;
				TARGETED_DEVICE_FAMILY = "1,2";
				TEST_HOST = "$(BUILT_PRODUCTS_DIR)/iOS2019.app/iOS2019";
			};
			name = Debug;
		};
		E17BA343220D159D0044B5A3 /* Release */ = {
			isa = XCBuildConfiguration;
			buildSettings = {
				ALWAYS_EMBED_SWIFT_STANDARD_LIBRARIES = YES;
				BUNDLE_LOADER = "$(TEST_HOST)";
				CODE_SIGN_STYLE = Automatic;
				INFOPLIST_FILE = iOS2019Tests/Info.plist;
				LD_RUNPATH_SEARCH_PATHS = (
					"$(inherited)",
					"@executable_path/Frameworks",
					"@loader_path/Frameworks",
				);
				PRODUCT_BUNDLE_IDENTIFIER = Robert.iOS2019Tests;
				PRODUCT_NAME = "$(TARGET_NAME)";
				SWIFT_VERSION = 4.2;
				TARGETED_DEVICE_FAMILY = "1,2";
				TEST_HOST = "$(BUILT_PRODUCTS_DIR)/iOS2019.app/iOS2019";
			};
			name = Release;
		};
		E17BA345220D159D0044B5A3 /* Debug */ = {
			isa = XCBuildConfiguration;
			buildSettings = {
				ALWAYS_EMBED_SWIFT_STANDARD_LIBRARIES = YES;
				CODE_SIGN_STYLE = Automatic;
				INFOPLIST_FILE = iOS2019UITests/Info.plist;
				LD_RUNPATH_SEARCH_PATHS = (
					"$(inherited)",
					"@executable_path/Frameworks",
					"@loader_path/Frameworks",
				);
				PRODUCT_BUNDLE_IDENTIFIER = Robert.iOS2019UITests;
				PRODUCT_NAME = "$(TARGET_NAME)";
				SWIFT_VERSION = 4.2;
				TARGETED_DEVICE_FAMILY = "1,2";
				TEST_TARGET_NAME = iOS2019;
			};
			name = Debug;
		};
		E17BA346220D159D0044B5A3 /* Release */ = {
			isa = XCBuildConfiguration;
			buildSettings = {
				ALWAYS_EMBED_SWIFT_STANDARD_LIBRARIES = YES;
				CODE_SIGN_STYLE = Automatic;
				INFOPLIST_FILE = iOS2019UITests/Info.plist;
				LD_RUNPATH_SEARCH_PATHS = (
					"$(inherited)",
					"@executable_path/Frameworks",
					"@loader_path/Frameworks",
				);
				PRODUCT_BUNDLE_IDENTIFIER = Robert.iOS2019UITests;
				PRODUCT_NAME = "$(TARGET_NAME)";
				SWIFT_VERSION = 4.2;
				TARGETED_DEVICE_FAMILY = "1,2";
				TEST_TARGET_NAME = iOS2019;
			};
			name = Release;
		};
/* End XCBuildConfiguration section */

/* Begin XCConfigurationList section */
		E17BA311220D159C0044B5A3 /* Build configuration list for PBXProject "iOS2019" */ = {
			isa = XCConfigurationList;
			buildConfigurations = (
				E17BA33C220D159D0044B5A3 /* Debug */,
				E17BA33D220D159D0044B5A3 /* Release */,
			);
			defaultConfigurationIsVisible = 0;
			defaultConfigurationName = Release;
		};
		E17BA33E220D159D0044B5A3 /* Build configuration list for PBXNativeTarget "iOS2019" */ = {
			isa = XCConfigurationList;
			buildConfigurations = (
				E17BA33F220D159D0044B5A3 /* Debug */,
				E17BA340220D159D0044B5A3 /* Release */,
			);
			defaultConfigurationIsVisible = 0;
			defaultConfigurationName = Release;
		};
		E17BA341220D159D0044B5A3 /* Build configuration list for PBXNativeTarget "iOS2019Tests" */ = {
			isa = XCConfigurationList;
			buildConfigurations = (
				E17BA342220D159D0044B5A3 /* Debug */,
				E17BA343220D159D0044B5A3 /* Release */,
			);
			defaultConfigurationIsVisible = 0;
			defaultConfigurationName = Release;
		};
		E17BA344220D159D0044B5A3 /* Build configuration list for PBXNativeTarget "iOS2019UITests" */ = {
			isa = XCConfigurationList;
			buildConfigurations = (
				E17BA345220D159D0044B5A3 /* Debug */,
				E17BA346220D159D0044B5A3 /* Release */,
			);
			defaultConfigurationIsVisible = 0;
			defaultConfigurationName = Release;
		};
/* End XCConfigurationList section */
	};
	rootObject = E17BA30E220D159C0044B5A3 /* Project object */;
}
